
Microsoft Visual Studio Solution File, Format Version 12.00
# Visual Studio 15
VisualStudioVersion = 15.0.28307.489
MinimumVisualStudioVersion = 10.0.40219.1
Project("{FAE04EC0-301F-11D3-BF4B-00C04F79EFBC}") = "LambdaForums", "LambdaForums\LambdaForums.csproj", "{A16D1878-3A3A-43E0-A5EC-3BB5A6C63168}"
EndProject
Global
	GlobalSection(SolutionConfigurationPlatforms) = preSolution
		Debug|Any CPU = Debug|Any CPU
		Release|Any CPU = Release|Any CPU
	EndGlobalSection
	GlobalSection(ProjectConfigurationPlatforms) = postSolution
		{A16D1878-3A3A-43E0-A5EC-3BB5A6C63168}.Debug|Any CPU.ActiveCfg = Debug|Any CPU
		{A16D1878-3A3A-43E0-A5EC-3BB5A6C63168}.Debug|Any CPU.Build.0 = Debug|Any CPU
		{A16D1878-3A3A-43E0-A5EC-3BB5A6C63168}.Release|Any CPU.ActiveCfg = Release|Any CPU
		{A16D1878-3A3A-43E0-A5EC-3BB5A6C63168}.Release|Any CPU.Build.0 = Release|Any CPU
	EndGlobalSection
	GlobalSection(SolutionProperties) = preSolution
		HideSolutionNode = FALSE
	EndGlobalSection
	GlobalSection(ExtensibilityGlobals) = postSolution
		SolutionGuid = {0F05653D-1BD6-454E-B99E-5B25A07E6AC9}
	EndGlobalSection
EndGlobal
